
Microsoft Visual Studio Solution File, Format Version 12.00
# Visual Studio 2013
VisualStudioVersion = 12.0.31101.0
MinimumVisualStudioVersion = 10.0.40219.1
Project("{FAE04EC0-301F-11D3-BF4B-00C04F79EFBC}") = "01. Triangle", "01. Triangle\01. Triangle.csproj", "{BEB2E7C9-A916-4F35-9957-3E0C08529B4B}"
EndProject
Project("{FAE04EC0-301F-11D3-BF4B-00C04F79EFBC}") = "02. Pairs", "02. Pairs\02. Pairs.csproj", "{A1399ABD-308F-428F-8D1C-999D6DC009CC}"
EndProject
Project("{FAE04EC0-301F-11D3-BF4B-00C04F79EFBC}") = "03. House", "03. House\03. House.csproj", "{BD76F3E2-523E-488D-ABDE-5EE633471777}"
EndProject
Project("{FAE04EC0-301F-11D3-BF4B-00C04F79EFBC}") = "04. Magic-Dates", "04. Magic-Dates\04. Magic-Dates.csproj", "{E9EB412E-B9AE-49D1-9CE2-C35473F66CBF}"
EndProject
Project("{FAE04EC0-301F-11D3-BF4B-00C04F79EFBC}") = "04. Magic-Dates-2", "04. Magic-Dates-2\04. Magic-Dates-2.csproj", "{E6C18CF4-8193-413B-A05C-5EC300E4E9FE}"
EndProject
Project("{FAE04EC0-301F-11D3-BF4B-00C04F79EFBC}") = "05. Bit-Killer", "05. Bit-Killer\05. Bit-Killer.csproj", "{0BE8A66A-F1B0-4AB5-B2C5-7D559B9EF053}"
EndProject
Project("{FAE04EC0-301F-11D3-BF4B-00C04F79EFBC}") = "05. Bit-Killer-2", "05. Bit-Killer-2\05. Bit-Killer-2.csproj", "{311FA4B6-84A2-47CC-B464-40A2CE32583B}"
EndProject
Global
	GlobalSection(SolutionConfigurationPlatforms) = preSolution
		Debug|Any CPU = Debug|Any CPU
		Release|Any CPU = Release|Any CPU
	EndGlobalSection
	GlobalSection(ProjectConfigurationPlatforms) = postSolution
		{BEB2E7C9-A916-4F35-9957-3E0C08529B4B}.Debug|Any CPU.ActiveCfg = Debug|Any CPU
		{BEB2E7C9-A916-4F35-9957-3E0C08529B4B}.Debug|Any CPU.Build.0 = Debug|Any CPU
		{BEB2E7C9-A916-4F35-9957-3E0C08529B4B}.Release|Any CPU.ActiveCfg = Release|Any CPU
		{BEB2E7C9-A916-4F35-9957-3E0C08529B4B}.Release|Any CPU.Build.0 = Release|Any CPU
		{A1399ABD-308F-428F-8D1C-999D6DC009CC}.Debug|Any CPU.ActiveCfg = Debug|Any CPU
		{A1399ABD-308F-428F-8D1C-999D6DC009CC}.Debug|Any CPU.Build.0 = Debug|Any CPU
		{A1399ABD-308F-428F-8D1C-999D6DC009CC}.Release|Any CPU.ActiveCfg = Release|Any CPU
		{A1399ABD-308F-428F-8D1C-999D6DC009CC}.Release|Any CPU.Build.0 = Release|Any CPU
		{BD76F3E2-523E-488D-ABDE-5EE633471777}.Debug|Any CPU.ActiveCfg = Debug|Any CPU
		{BD76F3E2-523E-488D-ABDE-5EE633471777}.Debug|Any CPU.Build.0 = Debug|Any CPU
		{BD76F3E2-523E-488D-ABDE-5EE633471777}.Release|Any CPU.ActiveCfg = Release|Any CPU
		{BD76F3E2-523E-488D-ABDE-5EE633471777}.Release|Any CPU.Build.0 = Release|Any CPU
		{E9EB412E-B9AE-49D1-9CE2-C35473F66CBF}.Debug|Any CPU.ActiveCfg = Debug|Any CPU
		{E9EB412E-B9AE-49D1-9CE2-C35473F66CBF}.Debug|Any CPU.Build.0 = Debug|Any CPU
		{E9EB412E-B9AE-49D1-9CE2-C35473F66CBF}.Release|Any CPU.ActiveCfg = Release|Any CPU
		{E9EB412E-B9AE-49D1-9CE2-C35473F66CBF}.Release|Any CPU.Build.0 = Release|Any CPU
		{E6C18CF4-8193-413B-A05C-5EC300E4E9FE}.Debug|Any CPU.ActiveCfg = Debug|Any CPU
		{E6C18CF4-8193-413B-A05C-5EC300E4E9FE}.Debug|Any CPU.Build.0 = Debug|Any CPU
		{E6C18CF4-8193-413B-A05C-5EC300E4E9FE}.Release|Any CPU.ActiveCfg = Release|Any CPU
		{E6C18CF4-8193-413B-A05C-5EC300E4E9FE}.Release|Any CPU.Build.0 = Release|Any CPU
		{0BE8A66A-F1B0-4AB5-B2C5-7D559B9EF053}.Debug|Any CPU.ActiveCfg = Debug|Any CPU
		{0BE8A66A-F1B0-4AB5-B2C5-7D559B9EF053}.Debug|Any CPU.Build.0 = Debug|Any CPU
		{0BE8A66A-F1B0-4AB5-B2C5-7D559B9EF053}.Release|Any CPU.ActiveCfg = Release|Any CPU
		{0BE8A66A-F1B0-4AB5-B2C5-7D559B9EF053}.Release|Any CPU.Build.0 = Release|Any CPU
		{311FA4B6-84A2-47CC-B464-40A2CE32583B}.Debug|Any CPU.ActiveCfg = Debug|Any CPU
		{311FA4B6-84A2-47CC-B464-40A2CE32583B}.Debug|Any CPU.Build.0 = Debug|Any CPU
		{311FA4B6-84A2-47CC-B464-40A2CE32583B}.Release|Any CPU.ActiveCfg = Release|Any CPU
		{311FA4B6-84A2-47CC-B464-40A2CE32583B}.Release|Any CPU.Build.0 = Release|Any CPU
	EndGlobalSection
	GlobalSection(SolutionProperties) = preSolution
		HideSolutionNode = FALSE
	EndGlobalSection
EndGlobal
