
Microsoft Visual Studio Solution File, Format Version 12.00
# Visual Studio 2013
VisualStudioVersion = 12.0.31101.0
MinimumVisualStudioVersion = 10.0.40219.1
Project("{FAE04EC0-301F-11D3-BF4B-00C04F79EFBC}") = "01. Currency-Check", "01. Currency-Check\01. Currency-Check.csproj", "{AF48A1B0-8477-43FB-8E38-EE6D138E6DF8}"
EndProject
Project("{FAE04EC0-301F-11D3-BF4B-00C04F79EFBC}") = "02. Dream-Item", "02. DreamItem\02. Dream-Item.csproj", "{E84C44B6-6658-469F-8B08-C0CEB14C5480}"
EndProject
Project("{FAE04EC0-301F-11D3-BF4B-00C04F79EFBC}") = "03. Magic-Wand", "03. Magic-Wand\03. Magic-Wand.csproj", "{DB73E240-EBD4-41E6-A6D8-CC471346495D}"
EndProject
Project("{FAE04EC0-301F-11D3-BF4B-00C04F79EFBC}") = "04. Array-Matcher", "04. Array-Matcher\04. Array-Matcher.csproj", "{B695BB96-87F1-47BC-BA93-F809609EA114}"
EndProject
Project("{FAE04EC0-301F-11D3-BF4B-00C04F79EFBC}") = "05. Knight-Path", "05. Knight-Path\05. Knight-Path.csproj", "{77BE5505-118E-4212-B7F2-592E7C2C648F}"
EndProject
Global
	GlobalSection(SolutionConfigurationPlatforms) = preSolution
		Debug|Any CPU = Debug|Any CPU
		Release|Any CPU = Release|Any CPU
	EndGlobalSection
	GlobalSection(ProjectConfigurationPlatforms) = postSolution
		{AF48A1B0-8477-43FB-8E38-EE6D138E6DF8}.Debug|Any CPU.ActiveCfg = Debug|Any CPU
		{AF48A1B0-8477-43FB-8E38-EE6D138E6DF8}.Debug|Any CPU.Build.0 = Debug|Any CPU
		{AF48A1B0-8477-43FB-8E38-EE6D138E6DF8}.Release|Any CPU.ActiveCfg = Release|Any CPU
		{AF48A1B0-8477-43FB-8E38-EE6D138E6DF8}.Release|Any CPU.Build.0 = Release|Any CPU
		{E84C44B6-6658-469F-8B08-C0CEB14C5480}.Debug|Any CPU.ActiveCfg = Debug|Any CPU
		{E84C44B6-6658-469F-8B08-C0CEB14C5480}.Debug|Any CPU.Build.0 = Debug|Any CPU
		{E84C44B6-6658-469F-8B08-C0CEB14C5480}.Release|Any CPU.ActiveCfg = Release|Any CPU
		{E84C44B6-6658-469F-8B08-C0CEB14C5480}.Release|Any CPU.Build.0 = Release|Any CPU
		{DB73E240-EBD4-41E6-A6D8-CC471346495D}.Debug|Any CPU.ActiveCfg = Debug|Any CPU
		{DB73E240-EBD4-41E6-A6D8-CC471346495D}.Debug|Any CPU.Build.0 = Debug|Any CPU
		{DB73E240-EBD4-41E6-A6D8-CC471346495D}.Release|Any CPU.ActiveCfg = Release|Any CPU
		{DB73E240-EBD4-41E6-A6D8-CC471346495D}.Release|Any CPU.Build.0 = Release|Any CPU
		{B695BB96-87F1-47BC-BA93-F809609EA114}.Debug|Any CPU.ActiveCfg = Debug|Any CPU
		{B695BB96-87F1-47BC-BA93-F809609EA114}.Debug|Any CPU.Build.0 = Debug|Any CPU
		{B695BB96-87F1-47BC-BA93-F809609EA114}.Release|Any CPU.ActiveCfg = Release|Any CPU
		{B695BB96-87F1-47BC-BA93-F809609EA114}.Release|Any CPU.Build.0 = Release|Any CPU
		{77BE5505-118E-4212-B7F2-592E7C2C648F}.Debug|Any CPU.ActiveCfg = Debug|Any CPU
		{77BE5505-118E-4212-B7F2-592E7C2C648F}.Debug|Any CPU.Build.0 = Debug|Any CPU
		{77BE5505-118E-4212-B7F2-592E7C2C648F}.Release|Any CPU.ActiveCfg = Release|Any CPU
		{77BE5505-118E-4212-B7F2-592E7C2C648F}.Release|Any CPU.Build.0 = Release|Any CPU
	EndGlobalSection
	GlobalSection(SolutionProperties) = preSolution
		HideSolutionNode = FALSE
	EndGlobalSection
EndGlobal
