
Microsoft Visual Studio Solution File, Format Version 12.00
# Visual Studio 2013
VisualStudioVersion = 12.0.31101.0
MinimumVisualStudioVersion = 10.0.40219.1
Project("{FAE04EC0-301F-11D3-BF4B-00C04F79EFBC}") = "01. Inside-The-Building", "01. Inside-The-Building\01. Inside-The-Building.csproj", "{B91B1E47-B3DA-42F6-93F2-B9BD3606A409}"
EndProject
Project("{FAE04EC0-301F-11D3-BF4B-00C04F79EFBC}") = "01. Inside-The-Building-2", "01. Inside-The-Building-2\01. Inside-The-Building-2.csproj", "{F637965B-E3AA-4982-8AD1-E7B5E9EB779B}"
EndProject
Project("{FAE04EC0-301F-11D3-BF4B-00C04F79EFBC}") = "02. Student-Cables", "02. Student-Cables\02. Student-Cables.csproj", "{3BC7B615-4459-4F87-9B86-89BDC29BA3B9}"
EndProject
Project("{FAE04EC0-301F-11D3-BF4B-00C04F79EFBC}") = "03. Programmer-DNA", "03. Programmer-DNA\03. Programmer-DNA.csproj", "{FE2F0143-3083-493A-8E57-B0519D19A0EB}"
EndProject
Project("{FAE04EC0-301F-11D3-BF4B-00C04F79EFBC}") = "03. Programmer-DNA-2", "03. Programmer-DNA-2\03. Programmer-DNA-2.csproj", "{47CB9056-6906-4075-85FC-5E0251C1DDA0}"
EndProject
Project("{FAE04EC0-301F-11D3-BF4B-00C04F79EFBC}") = "03. Programmer-DNA-3", "03. Programmer-DNA-3\03. Programmer-DNA-3.csproj", "{76117DAA-1BC0-4598-8692-EA741E6FF4FA}"
EndProject
Project("{FAE04EC0-301F-11D3-BF4B-00C04F79EFBC}") = "04. Magic-Car-Numbers", "04. Magic-Car-Numbers\04. Magic-Car-Numbers.csproj", "{F2FCC52F-E733-4C7A-8DAA-DE81ACB246D1}"
EndProject
Project("{FAE04EC0-301F-11D3-BF4B-00C04F79EFBC}") = "04. Magic-Car-Numbers2", "04. Magic-Car-Numbers2\04. Magic-Car-Numbers2.csproj", "{DA5BB8C3-B249-4EDC-926C-672B3881990B}"
EndProject
Project("{FAE04EC0-301F-11D3-BF4B-00C04F79EFBC}") = "05. Bit-Flipper", "05. Bit-Flipper\05. Bit-Flipper.csproj", "{8EF3F85C-9A2E-4642-B977-24022E272721}"
EndProject
Project("{FAE04EC0-301F-11D3-BF4B-00C04F79EFBC}") = "05. Bit-Flipper-2", "05. Bit-Flipper-2\05. Bit-Flipper-2.csproj", "{5C4E89F4-B794-498E-8D98-07ECA8F5BA41}"
EndProject
Project("{FAE04EC0-301F-11D3-BF4B-00C04F79EFBC}") = "05. Bit-Flipper-3", "05. Bit-Flipper-3\05. Bit-Flipper-3.csproj", "{26D00832-7AEC-42E9-ADEF-89BC8A87F5DB}"
EndProject
Global
	GlobalSection(SolutionConfigurationPlatforms) = preSolution
		Debug|Any CPU = Debug|Any CPU
		Release|Any CPU = Release|Any CPU
	EndGlobalSection
	GlobalSection(ProjectConfigurationPlatforms) = postSolution
		{B91B1E47-B3DA-42F6-93F2-B9BD3606A409}.Debug|Any CPU.ActiveCfg = Debug|Any CPU
		{B91B1E47-B3DA-42F6-93F2-B9BD3606A409}.Debug|Any CPU.Build.0 = Debug|Any CPU
		{B91B1E47-B3DA-42F6-93F2-B9BD3606A409}.Release|Any CPU.ActiveCfg = Release|Any CPU
		{B91B1E47-B3DA-42F6-93F2-B9BD3606A409}.Release|Any CPU.Build.0 = Release|Any CPU
		{F637965B-E3AA-4982-8AD1-E7B5E9EB779B}.Debug|Any CPU.ActiveCfg = Debug|Any CPU
		{F637965B-E3AA-4982-8AD1-E7B5E9EB779B}.Debug|Any CPU.Build.0 = Debug|Any CPU
		{F637965B-E3AA-4982-8AD1-E7B5E9EB779B}.Release|Any CPU.ActiveCfg = Release|Any CPU
		{F637965B-E3AA-4982-8AD1-E7B5E9EB779B}.Release|Any CPU.Build.0 = Release|Any CPU
		{3BC7B615-4459-4F87-9B86-89BDC29BA3B9}.Debug|Any CPU.ActiveCfg = Debug|Any CPU
		{3BC7B615-4459-4F87-9B86-89BDC29BA3B9}.Debug|Any CPU.Build.0 = Debug|Any CPU
		{3BC7B615-4459-4F87-9B86-89BDC29BA3B9}.Release|Any CPU.ActiveCfg = Release|Any CPU
		{3BC7B615-4459-4F87-9B86-89BDC29BA3B9}.Release|Any CPU.Build.0 = Release|Any CPU
		{FE2F0143-3083-493A-8E57-B0519D19A0EB}.Debug|Any CPU.ActiveCfg = Debug|Any CPU
		{FE2F0143-3083-493A-8E57-B0519D19A0EB}.Debug|Any CPU.Build.0 = Debug|Any CPU
		{FE2F0143-3083-493A-8E57-B0519D19A0EB}.Release|Any CPU.ActiveCfg = Release|Any CPU
		{FE2F0143-3083-493A-8E57-B0519D19A0EB}.Release|Any CPU.Build.0 = Release|Any CPU
		{47CB9056-6906-4075-85FC-5E0251C1DDA0}.Debug|Any CPU.ActiveCfg = Debug|Any CPU
		{47CB9056-6906-4075-85FC-5E0251C1DDA0}.Debug|Any CPU.Build.0 = Debug|Any CPU
		{47CB9056-6906-4075-85FC-5E0251C1DDA0}.Release|Any CPU.ActiveCfg = Release|Any CPU
		{47CB9056-6906-4075-85FC-5E0251C1DDA0}.Release|Any CPU.Build.0 = Release|Any CPU
		{76117DAA-1BC0-4598-8692-EA741E6FF4FA}.Debug|Any CPU.ActiveCfg = Debug|Any CPU
		{76117DAA-1BC0-4598-8692-EA741E6FF4FA}.Debug|Any CPU.Build.0 = Debug|Any CPU
		{76117DAA-1BC0-4598-8692-EA741E6FF4FA}.Release|Any CPU.ActiveCfg = Release|Any CPU
		{76117DAA-1BC0-4598-8692-EA741E6FF4FA}.Release|Any CPU.Build.0 = Release|Any CPU
		{F2FCC52F-E733-4C7A-8DAA-DE81ACB246D1}.Debug|Any CPU.ActiveCfg = Debug|Any CPU
		{F2FCC52F-E733-4C7A-8DAA-DE81ACB246D1}.Debug|Any CPU.Build.0 = Debug|Any CPU
		{F2FCC52F-E733-4C7A-8DAA-DE81ACB246D1}.Release|Any CPU.ActiveCfg = Release|Any CPU
		{F2FCC52F-E733-4C7A-8DAA-DE81ACB246D1}.Release|Any CPU.Build.0 = Release|Any CPU
		{DA5BB8C3-B249-4EDC-926C-672B3881990B}.Debug|Any CPU.ActiveCfg = Debug|Any CPU
		{DA5BB8C3-B249-4EDC-926C-672B3881990B}.Debug|Any CPU.Build.0 = Debug|Any CPU
		{DA5BB8C3-B249-4EDC-926C-672B3881990B}.Release|Any CPU.ActiveCfg = Release|Any CPU
		{DA5BB8C3-B249-4EDC-926C-672B3881990B}.Release|Any CPU.Build.0 = Release|Any CPU
		{8EF3F85C-9A2E-4642-B977-24022E272721}.Debug|Any CPU.ActiveCfg = Debug|Any CPU
		{8EF3F85C-9A2E-4642-B977-24022E272721}.Debug|Any CPU.Build.0 = Debug|Any CPU
		{8EF3F85C-9A2E-4642-B977-24022E272721}.Release|Any CPU.ActiveCfg = Release|Any CPU
		{8EF3F85C-9A2E-4642-B977-24022E272721}.Release|Any CPU.Build.0 = Release|Any CPU
		{5C4E89F4-B794-498E-8D98-07ECA8F5BA41}.Debug|Any CPU.ActiveCfg = Debug|Any CPU
		{5C4E89F4-B794-498E-8D98-07ECA8F5BA41}.Debug|Any CPU.Build.0 = Debug|Any CPU
		{5C4E89F4-B794-498E-8D98-07ECA8F5BA41}.Release|Any CPU.ActiveCfg = Release|Any CPU
		{5C4E89F4-B794-498E-8D98-07ECA8F5BA41}.Release|Any CPU.Build.0 = Release|Any CPU
		{26D00832-7AEC-42E9-ADEF-89BC8A87F5DB}.Debug|Any CPU.ActiveCfg = Debug|Any CPU
		{26D00832-7AEC-42E9-ADEF-89BC8A87F5DB}.Debug|Any CPU.Build.0 = Debug|Any CPU
		{26D00832-7AEC-42E9-ADEF-89BC8A87F5DB}.Release|Any CPU.ActiveCfg = Release|Any CPU
		{26D00832-7AEC-42E9-ADEF-89BC8A87F5DB}.Release|Any CPU.Build.0 = Release|Any CPU
	EndGlobalSection
	GlobalSection(SolutionProperties) = preSolution
		HideSolutionNode = FALSE
	EndGlobalSection
EndGlobal
